<?xml version="1.0" encoding="utf-8"?>
<Project ToolsVersion="4.0" xmlns="http://schemas.microsoft.com/developer/msbuild/2003">
  <ItemGroup>
    <Filter Include="Исходные файлы">
      <UniqueIdentifier>{4FC737F1-C7A5-4376-A066-2A32D752A2FF}</UniqueIdentifier>
      <Extensions>cpp;c;cc;cxx;def;odl;idl;hpj;bat;asm;asmx</Extensions>
    </Filter>
    <Filter Include="Файлы заголовков">
      <UniqueIdentifier>{93995380-89BD-4b04-88EB-625FBE52EBFB}</UniqueIdentifier>
      <Extensions>h;hh;hpp;hxx;hm;inl;inc;ipp;xsd</Extensions>
    </Filter>
    <Filter Include="Файлы ресурсов">
      <UniqueIdentifier>{67DA6AB6-F800-4c08-8B7A-83BB121AAD01}</UniqueIdentifier>
      <Extensions>rc;ico;cur;bmp;dlg;rc2;rct;bin;rgs;gif;jpg;jpeg;jpe;resx;tiff;tif;png;wav;mfcribbon-ms</Extensions>
    </Filter>
    <Filter Include="Файлы заголовков\Configurator">
      <UniqueIdentifier>{e86f5778-dcfc-4a8d-a993-33bd3f43038e}</UniqueIdentifier>
    </Filter>
    <Filter Include="Исходные файлы\Configurator">
      <UniqueIdentifier>{f00b701d-71e2-4e7a-838a-3776512df65e}</UniqueIdentifier>
    </Filter>
    <Filter Include="Файлы заголовков\Plugin">
      <UniqueIdentifier>{2d8d8c41-4147-4978-b423-dcad13fb40e0}</UniqueIdentifier>
    </Filter>
    <Filter Include="Исходные файлы\Plugin">
      <UniqueIdentifier>{86e1ce56-f64b-4ebc-b973-804715a4cab4}</UniqueIdentifier>
    </Filter>
    <Filter Include="Исходные файлы\Browser">
      <UniqueIdentifier>{02f86d69-49bd-49af-9cd5-e6df2f8aaa3d}</UniqueIdentifier>
    </Filter>
    <Filter Include="Файлы заголовков\Browser">
      <UniqueIdentifier>{8ed6439e-ad2d-4980-910b-4d5bdacef867}</UniqueIdentifier>
    </Filter>
    <Filter Include="Файлы заголовков\Server">
      <UniqueIdentifier>{30ff1725-8ff9-47f4-a378-159046bacd13}</UniqueIdentifier>
    </Filter>
    <Filter Include="Исходные файлы\Server">
      <UniqueIdentifier>{847b2ce1-1521-4ed4-ad12-b87659fda906}</UniqueIdentifier>
    </Filter>
    <Filter Include="Файлы заголовков\DataAccessLayer">
      <UniqueIdentifier>{0ab2643b-4ec9-41c4-9d01-718ac5984482}</UniqueIdentifier>
    </Filter>
    <Filter Include="Исходные файлы\DataAccessLayer">
      <UniqueIdentifier>{cac2938a-c7fc-46eb-81d9-edc612b65c1b}</UniqueIdentifier>
    </Filter>
    <Filter Include="Исходные файлы\DataAccessLayer\SettingsDataSource">
      <UniqueIdentifier>{e75446cc-6155-4521-ab7e-c8b236da7c11}</UniqueIdentifier>
    </Filter>
    <Filter Include="Файлы заголовков\DataAccessLayer\SettingsDataSource">
      <UniqueIdentifier>{25e634b8-1df3-44b1-9aa6-404b3fe460ae}</UniqueIdentifier>
    </Filter>
    <Filter Include="Исходные файлы\pugixml">
      <UniqueIdentifier>{0de90957-8067-4b91-b47b-5e3ede345955}</UniqueIdentifier>
    </Filter>
    <Filter Include="Файлы заголовков\DataAccessLayer\Environment">
      <UniqueIdentifier>{57ad7602-da80-4c32-abd1-a6d171efef9f}</UniqueIdentifier>
    </Filter>
    <Filter Include="Исходные файлы\DataAccessLayer\Environment">
      <UniqueIdentifier>{823290dc-b96f-4258-8ec3-4cf407d7eef0}</UniqueIdentifier>
    </Filter>
  </ItemGroup>
  <ItemGroup>
    <ClCompile Include="Drv_FTSQL_HdaItem.cpp">
      <Filter>Исходные файлы</Filter>
    </ClCompile>
    <ClCompile Include="pch.cpp">
      <Filter>Исходные файлы</Filter>
    </ClCompile>
    <ClCompile Include="DsConfigurator.cpp">
      <Filter>Исходные файлы\Configurator</Filter>
    </ClCompile>
    <ClCompile Include="DlgConnectionSqlSvr.cpp">
      <Filter>Исходные файлы\Configurator</Filter>
    </ClCompile>
    <ClCompile Include="DSource.cpp">
      <Filter>Исходные файлы</Filter>
    </ClCompile>
    <ClCompile Include="PluginObjectFactory.cpp">
      <Filter>Исходные файлы\Plugin</Filter>
    </ClCompile>
    <ClCompile Include="PropertySet.cpp">
      <Filter>Исходные файлы\Plugin</Filter>
    </ClCompile>
    <ClCompile Include="RegisterInfo.cpp">
      <Filter>Исходные файлы\Plugin</Filter>
    </ClCompile>
    <ClCompile Include="BrowserHdaItem.cpp">
      <Filter>Исходные файлы\Browser</Filter>
    </ClCompile>
    <ClCompile Include="ServerHdaItem.cpp">
      <Filter>Исходные файлы\Server</Filter>
    </ClCompile>
    <ClCompile Include="Export.cpp">
      <Filter>Исходные файлы\Plugin</Filter>
    </ClCompile>
    <ClCompile Include="ConnectionAttributes.cpp">
      <Filter>Исходные файлы\DataAccessLayer</Filter>
    </ClCompile>
    <ClCompile Include="XMLSettingsDataSource.cpp">
      <Filter>Исходные файлы\DataAccessLayer\SettingsDataSource</Filter>
    </ClCompile>
    <ClCompile Include="pugixml.cpp">
      <Filter>Исходные файлы\pugixml</Filter>
    </ClCompile>
    <ClCompile Include="SQLServerEnvironment.cpp">
      <Filter>Исходные файлы\DataAccessLayer\Environment</Filter>
    </ClCompile>
  </ItemGroup>
  <ItemGroup>
    <None Include="Drv_FTSQL_HdaItem.def">
      <Filter>Исходные файлы</Filter>
    </None>
    <None Include="res\Drv_FTSQL_HdaItem.rc2">
      <Filter>Файлы ресурсов</Filter>
    </None>
  </ItemGroup>
  <ItemGroup>
    <ClInclude Include="framework.h">
      <Filter>Файлы заголовков</Filter>
    </ClInclude>
    <ClInclude Include="targetver.h">
      <Filter>Файлы заголовков</Filter>
    </ClInclude>
    <ClInclude Include="Resource.h">
      <Filter>Файлы заголовков</Filter>
    </ClInclude>
    <ClInclude Include="Drv_FTSQL_HdaItem.h">
      <Filter>Файлы заголовков</Filter>
    </ClInclude>
    <ClInclude Include="pch.h">
      <Filter>Файлы заголовков</Filter>
    </ClInclude>
    <ClInclude Include="DsConfigurator.h">
      <Filter>Файлы заголовков\Configurator</Filter>
    </ClInclude>
    <ClInclude Include="DlgConnectionSqlSvr.h">
      <Filter>Файлы заголовков\Configurator</Filter>
    </ClInclude>
    <ClInclude Include="Constants.h">
      <Filter>Файлы заголовков</Filter>
    </ClInclude>
    <ClInclude Include="DSource.h">
      <Filter>Файлы заголовков</Filter>
    </ClInclude>
    <ClInclude Include="PluginObjectFactory.h">
      <Filter>Файлы заголовков\Plugin</Filter>
    </ClInclude>
    <ClInclude Include="PropertySet.h">
      <Filter>Файлы заголовков\Plugin</Filter>
    </ClInclude>
    <ClInclude Include="RegisterInfo.h">
      <Filter>Файлы заголовков\Plugin</Filter>
    </ClInclude>
    <ClInclude Include="BrowserHdaItem.h">
      <Filter>Файлы заголовков\Browser</Filter>
    </ClInclude>
    <ClInclude Include="ServerHdaItem.h">
      <Filter>Файлы заголовков\Server</Filter>
    </ClInclude>
    <ClInclude Include="Export.h">
      <Filter>Файлы заголовков\Plugin</Filter>
    </ClInclude>
    <ClInclude Include="ConnectionAttributes.h">
      <Filter>Файлы заголовков\DataAccessLayer</Filter>
    </ClInclude>
    <ClInclude Include="ISettingsDataSource.h">
      <Filter>Файлы заголовков\DataAccessLayer\SettingsDataSource</Filter>
    </ClInclude>
    <ClInclude Include="XMLSettingsDataSource.h">
      <Filter>Файлы заголовков\DataAccessLayer\SettingsDataSource</Filter>
    </ClInclude>
    <ClInclude Include="IEnvironment.h">
      <Filter>Файлы заголовков\DataAccessLayer\Environment</Filter>
    </ClInclude>
    <ClInclude Include="SQLServerEnvironment.h">
      <Filter>Файлы заголовков\DataAccessLayer\Environment</Filter>
    </ClInclude>
  </ItemGroup>
  <ItemGroup>
    <ResourceCompile Include="Drv_FTSQL_HdaItem.rc">
      <Filter>Файлы ресурсов</Filter>
    </ResourceCompile>
  </ItemGroup>
</Project>