<?xml version="1.0" encoding="utf-8"?>
<Project ToolsVersion="4.0" xmlns="http://schemas.microsoft.com/developer/msbuild/2003">
  <ItemGroup>
    <Filter Include="Source Files">
      <UniqueIdentifier>{4FC737F1-C7A5-4376-A066-2A32D752A2FF}</UniqueIdentifier>
      <Extensions>cpp;c;cc;cxx;def;odl;idl;hpj;bat;asm;asmx</Extensions>
    </Filter>
    <Filter Include="Header Files">
      <UniqueIdentifier>{93995380-89BD-4b04-88EB-625FBE52EBFB}</UniqueIdentifier>
      <Extensions>h;hh;hpp;hxx;hm;inl;inc;ipp;xsd</Extensions>
    </Filter>
    <Filter Include="Resource Files">
      <UniqueIdentifier>{67DA6AB6-F800-4c08-8B7A-83BB121AAD01}</UniqueIdentifier>
      <Extensions>rc;ico;cur;bmp;dlg;rc2;rct;bin;rgs;gif;jpg;jpeg;jpe;resx;tiff;tif;png;wav;mfcribbon-ms</Extensions>
    </Filter>
    <Filter Include="Header Files\Configurator">
      <UniqueIdentifier>{824efc71-f133-4c62-9a0c-2158b498df35}</UniqueIdentifier>
    </Filter>
    <Filter Include="Source Files\Configurator">
      <UniqueIdentifier>{653447c3-d5c5-4b13-8ab4-e9f9f49a6dbe}</UniqueIdentifier>
    </Filter>
    <Filter Include="Source Files\Plugin">
      <UniqueIdentifier>{b4d7a8e8-06c9-46bf-83c5-2535bcfd643d}</UniqueIdentifier>
    </Filter>
    <Filter Include="Header Files\Plugin">
      <UniqueIdentifier>{ce59891d-5659-46fa-90e4-a61a8b25777f}</UniqueIdentifier>
    </Filter>
  </ItemGroup>
  <ItemGroup>
    <ClInclude Include="framework.h">
      <Filter>Header Files</Filter>
    </ClInclude>
    <ClInclude Include="pch.h">
      <Filter>Header Files</Filter>
    </ClInclude>
    <ClInclude Include="DsConfigurator.h">
      <Filter>Header Files\Configurator</Filter>
    </ClInclude>
    <ClInclude Include="DlgConnectionSqlSvr.h">
      <Filter>Header Files\Configurator</Filter>
    </ClInclude>
    <ClInclude Include="resource.h">
      <Filter>Header Files</Filter>
    </ClInclude>
    <ClInclude Include="Export.h">
      <Filter>Header Files\Plugin</Filter>
    </ClInclude>
    <ClInclude Include="PluginObjectFactory.h">
      <Filter>Header Files\Plugin</Filter>
    </ClInclude>
    <ClInclude Include="DSource.h">
      <Filter>Header Files</Filter>
    </ClInclude>
    <ClInclude Include="PropertySet.h">
      <Filter>Header Files\Plugin</Filter>
    </ClInclude>
    <ClInclude Include="CRegisterInfo.h">
      <Filter>Header Files\Plugin</Filter>
    </ClInclude>
  </ItemGroup>
  <ItemGroup>
    <ClCompile Include="dllmain.cpp">
      <Filter>Source Files</Filter>
    </ClCompile>
    <ClCompile Include="pch.cpp">
      <Filter>Source Files</Filter>
    </ClCompile>
    <ClCompile Include="CDsConfigurator.cpp">
      <Filter>Source Files\Configurator</Filter>
    </ClCompile>
    <ClCompile Include="DlgConnectionSqlSvr.cpp">
      <Filter>Source Files\Configurator</Filter>
    </ClCompile>
    <ClCompile Include="Export.cpp">
      <Filter>Source Files\Plugin</Filter>
    </ClCompile>
    <ClCompile Include="PluginObjectFactory.cpp">
      <Filter>Source Files\Plugin</Filter>
    </ClCompile>
    <ClCompile Include="DSource.cpp">
      <Filter>Source Files</Filter>
    </ClCompile>
    <ClCompile Include="PropertySet.cpp">
      <Filter>Source Files\Plugin</Filter>
    </ClCompile>
  </ItemGroup>
  <ItemGroup>
    <ResourceCompile Include="Drv_FTSQL_HdaItem.rc">
      <Filter>Resource Files</Filter>
    </ResourceCompile>
  </ItemGroup>
</Project>